
Microsoft Visual Studio Solution File, Format Version 12.00
# Visual Studio Version 17
VisualStudioVersion = 17.2.32616.157
MinimumVisualStudioVersion = 10.0.40219.1
Project("{FAE04EC0-301F-11D3-BF4B-00C04F79EFBC}") = "String-Metotlar", "String-Metotlar.csproj", "{2FD7B94A-43FA-499F-BC5B-DC0D80AE6FE0}"
EndProject
Global
	GlobalSection(SolutionConfigurationPlatforms) = preSolution
		Debug|Any CPU = Debug|Any CPU
		Release|Any CPU = Release|Any CPU
	EndGlobalSection
	GlobalSection(ProjectConfigurationPlatforms) = postSolution
		{2FD7B94A-43FA-499F-BC5B-DC0D80AE6FE0}.Debug|Any CPU.ActiveCfg = Debug|Any CPU
		{2FD7B94A-43FA-499F-BC5B-DC0D80AE6FE0}.Debug|Any CPU.Build.0 = Debug|Any CPU
		{2FD7B94A-43FA-499F-BC5B-DC0D80AE6FE0}.Release|Any CPU.ActiveCfg = Release|Any CPU
		{2FD7B94A-43FA-499F-BC5B-DC0D80AE6FE0}.Release|Any CPU.Build.0 = Release|Any CPU
	EndGlobalSection
	GlobalSection(SolutionProperties) = preSolution
		HideSolutionNode = FALSE
	EndGlobalSection
	GlobalSection(ExtensibilityGlobals) = postSolution
		SolutionGuid = {C2F0E665-E72E-4581-AC01-83AB39BC580A}
	EndGlobalSection
EndGlobal
